
Microsoft Visual Studio Solution File, Format Version 12.00
# Visual Studio 15
VisualStudioVersion = 15.0.28010.2036
MinimumVisualStudioVersion = 10.0.40219.1
Project("{8BC9CEB8-8B4A-11D0-8D11-00A0C91BC942}") = "4.16", "4.16\4.16.vcxproj", "{2EF5CDBF-8EF4-46AE-B08E-70E79389252F}"
EndProject
Global
	GlobalSection(SolutionConfigurationPlatforms) = preSolution
		Debug|x64 = Debug|x64
		Debug|x86 = Debug|x86
		Release|x64 = Release|x64
		Release|x86 = Release|x86
	EndGlobalSection
	GlobalSection(ProjectConfigurationPlatforms) = postSolution
		{2EF5CDBF-8EF4-46AE-B08E-70E79389252F}.Debug|x64.ActiveCfg = Debug|x64
		{2EF5CDBF-8EF4-46AE-B08E-70E79389252F}.Debug|x64.Build.0 = Debug|x64
		{2EF5CDBF-8EF4-46AE-B08E-70E79389252F}.Debug|x86.ActiveCfg = Debug|Win32
		{2EF5CDBF-8EF4-46AE-B08E-70E79389252F}.Debug|x86.Build.0 = Debug|Win32
		{2EF5CDBF-8EF4-46AE-B08E-70E79389252F}.Release|x64.ActiveCfg = Release|x64
		{2EF5CDBF-8EF4-46AE-B08E-70E79389252F}.Release|x64.Build.0 = Release|x64
		{2EF5CDBF-8EF4-46AE-B08E-70E79389252F}.Release|x86.ActiveCfg = Release|Win32
		{2EF5CDBF-8EF4-46AE-B08E-70E79389252F}.Release|x86.Build.0 = Release|Win32
	EndGlobalSection
	GlobalSection(SolutionProperties) = preSolution
		HideSolutionNode = FALSE
	EndGlobalSection
	GlobalSection(ExtensibilityGlobals) = postSolution
		SolutionGuid = {E3B5FCF5-9755-4266-9735-EF543DE0120F}
	EndGlobalSection
EndGlobal
